
Microsoft Visual Studio Solution File, Format Version 12.00
# Visual Studio 15
VisualStudioVersion = 15.0.28307.757
MinimumVisualStudioVersion = 10.0.40219.1
Project("{FAE04EC0-301F-11D3-BF4B-00C04F79EFBC}") = "WpfApp1", "WpfApp1\WpfApp1.csproj", "{7D27E2A6-3956-48F7-9880-3EE9BBDAB22C}"
EndProject
Global
	GlobalSection(SolutionConfigurationPlatforms) = preSolution
		Debug|Any CPU = Debug|Any CPU
		Release|Any CPU = Release|Any CPU
	EndGlobalSection
	GlobalSection(ProjectConfigurationPlatforms) = postSolution
		{7D27E2A6-3956-48F7-9880-3EE9BBDAB22C}.Debug|Any CPU.ActiveCfg = Debug|Any CPU
		{7D27E2A6-3956-48F7-9880-3EE9BBDAB22C}.Debug|Any CPU.Build.0 = Debug|Any CPU
		{7D27E2A6-3956-48F7-9880-3EE9BBDAB22C}.Release|Any CPU.ActiveCfg = Release|Any CPU
		{7D27E2A6-3956-48F7-9880-3EE9BBDAB22C}.Release|Any CPU.Build.0 = Release|Any CPU
	EndGlobalSection
	GlobalSection(SolutionProperties) = preSolution
		HideSolutionNode = FALSE
	EndGlobalSection
	GlobalSection(ExtensibilityGlobals) = postSolution
		SolutionGuid = {C54399E0-37B1-47F8-8B19-DE150E2750DD}
	EndGlobalSection
EndGlobal
